
Microsoft Visual Studio Solution File, Format Version 12.00
# Visual Studio 15
VisualStudioVersion = 15.0.27130.2036
MinimumVisualStudioVersion = 10.0.40219.1
Project("{9A19103F-16F7-4668-BE54-9A1E7A4F7556}") = "GG.PrayerCentral", "GG.PrayerCentral\GG.PrayerCentral.csproj", "{EABC7625-2234-41C6-81E4-A1C52D3DE8A7}"
EndProject
Global
	GlobalSection(SolutionConfigurationPlatforms) = preSolution
		Debug|Any CPU = Debug|Any CPU
		Release|Any CPU = Release|Any CPU
	EndGlobalSection
	GlobalSection(ProjectConfigurationPlatforms) = postSolution
		{EABC7625-2234-41C6-81E4-A1C52D3DE8A7}.Debug|Any CPU.ActiveCfg = Debug|Any CPU
		{EABC7625-2234-41C6-81E4-A1C52D3DE8A7}.Debug|Any CPU.Build.0 = Debug|Any CPU
		{EABC7625-2234-41C6-81E4-A1C52D3DE8A7}.Release|Any CPU.ActiveCfg = Release|Any CPU
		{EABC7625-2234-41C6-81E4-A1C52D3DE8A7}.Release|Any CPU.Build.0 = Release|Any CPU
	EndGlobalSection
	GlobalSection(SolutionProperties) = preSolution
		HideSolutionNode = FALSE
	EndGlobalSection
	GlobalSection(ExtensibilityGlobals) = postSolution
		SolutionGuid = {5677334C-8E8F-4AB5-96E3-2F5BE8FBD62E}
	EndGlobalSection
EndGlobal
